
Microsoft Visual Studio Solution File, Format Version 12.00
# Visual Studio 15
VisualStudioVersion = 15.0.28307.438
MinimumVisualStudioVersion = 10.0.40219.1
Project("{8BC9CEB8-8B4A-11D0-8D11-00A0C91BC942}") = "InverseKinematicsResearch", "InverseKinematicsResearch\InverseKinematicsResearch.vcxproj", "{724C1D92-74E6-4531-BF68-3DE1729AB1A5}"
EndProject
Global
	GlobalSection(SolutionConfigurationPlatforms) = preSolution
		Debug|x64 = Debug|x64
		Release|x64 = Release|x64
	EndGlobalSection
	GlobalSection(ProjectConfigurationPlatforms) = postSolution
		{724C1D92-74E6-4531-BF68-3DE1729AB1A5}.Debug|x64.ActiveCfg = Debug|x64
		{724C1D92-74E6-4531-BF68-3DE1729AB1A5}.Debug|x64.Build.0 = Debug|x64
		{724C1D92-74E6-4531-BF68-3DE1729AB1A5}.Release|x64.ActiveCfg = Release|x64
		{724C1D92-74E6-4531-BF68-3DE1729AB1A5}.Release|x64.Build.0 = Release|x64
	EndGlobalSection
	GlobalSection(SolutionProperties) = preSolution
		HideSolutionNode = FALSE
	EndGlobalSection
	GlobalSection(ExtensibilityGlobals) = postSolution
		SolutionGuid = {7C7AAA23-A308-4479-922D-F476B97127BB}
	EndGlobalSection
EndGlobal
