<?xml version="1.0" encoding="utf-8"?>
<Project ToolsVersion="4.0" xmlns="http://schemas.microsoft.com/developer/msbuild/2003">
  <ItemGroup>
    <CudaCompile Include="kernel.cu" />
  </ItemGroup>
  <ItemGroup>
    <Filter Include="Shaders">
      <UniqueIdentifier>{f0f2dc15-2e1d-4ee5-9c6c-7b3bc4dca4f1}</UniqueIdentifier>
    </Filter>
  </ItemGroup>
  <ItemGroup>
    <None Include="3.3.jointShader.frag">
      <Filter>Shaders</Filter>
    </None>
    <None Include="3.3.jointShader.vert">
      <Filter>Shaders</Filter>
    </None>
  </ItemGroup>
  <ItemGroup>
    <ClCompile Include="glad.c" />
    <ClCompile Include="Main.cpp" />
  </ItemGroup>
  <ItemGroup>
    <ClInclude Include="KinematicChain.h" />
    <ClInclude Include="Models.h" />
    <ClInclude Include="Particle.h" />
  </ItemGroup>
</Project>